// !$*UTF8*$!
{
	archiveVersion = 1;
	classes = {
	};
	objectVersion = 50;
	objects = {

/* Begin PBXBuildFile section */
		447B7B412911B65800CE3501 /* SearchBar.swift in Sources */ = {isa = PBXBuildFile; fileRef = 447B7B402911B65800CE3501 /* SearchBar.swift */; };
		447B7B452911D33400CE3501 /* Font+UIFont.swift in Sources */ = {isa = PBXBuildFile; fileRef = 447B7B442911D33400CE3501 /* Font+UIFont.swift */; };
		447B7B4B2911DFB400CE3501 /* TagBar.swift in Sources */ = {isa = PBXBuildFile; fileRef = 447B7B4A2911DFB400CE3501 /* TagBar.swift */; };
		447B7B4D2911E00300CE3501 /* TopBarContainer.swift in Sources */ = {isa = PBXBuildFile; fileRef = 447B7B4C2911E00300CE3501 /* TopBarContainer.swift */; };
		44B54EE929123CB3007381B2 /* SearchBarViewModel.swift in Sources */ = {isa = PBXBuildFile; fileRef = 44B54EE829123CB3007381B2 /* SearchBarViewModel.swift */; };
		44B54EF129132CA4007381B2 /* TagBarViewModel.swift in Sources */ = {isa = PBXBuildFile; fileRef = 44B54EF029132CA4007381B2 /* TagBarViewModel.swift */; };
		5E1BE3C429119DE500F0002C /* MenuTests.swift in Sources */ = {isa = PBXBuildFile; fileRef = 5E1BE3C329119DE500F0002C /* MenuTests.swift */; };
		5E22EA212913FB3A00991AC6 /* Application.swift in Sources */ = {isa = PBXBuildFile; fileRef = 5E22EA202913FB3A00991AC6 /* Application.swift */; };
		5E22EA232913FBC800991AC6 /* main.swift in Sources */ = {isa = PBXBuildFile; fileRef = 5E22EA222913FBC800991AC6 /* main.swift */; };
		5E22EA252913FF3A00991AC6 /* AdminView.swift in Sources */ = {isa = PBXBuildFile; fileRef = 5E22EA242913FF3A00991AC6 /* AdminView.swift */; };
		5E22EA272914170300991AC6 /* FakeOtherDiner.swift in Sources */ = {isa = PBXBuildFile; fileRef = 5E22EA262914170300991AC6 /* FakeOtherDiner.swift */; };
		5E5F576B291371F300AC732B /* CartDinerView.swift in Sources */ = {isa = PBXBuildFile; fileRef = 5E5F576A291371F300AC732B /* CartDinerView.swift */; };
		5E5F576D2913721E00AC732B /* DinerInitialsView.swift in Sources */ = {isa = PBXBuildFile; fileRef = 5E5F576C2913721E00AC732B /* DinerInitialsView.swift */; };
		5EBA473F2912E9D3006C950B /* Loader.swift in Sources */ = {isa = PBXBuildFile; fileRef = 5EBA473E2912E9D3006C950B /* Loader.swift */; };
		5EBA47482912EA2F006C950B /* TextExtensions.swift in Sources */ = {isa = PBXBuildFile; fileRef = 5EBA47412912EA2F006C950B /* TextExtensions.swift */; };
		5EBA47492912EA2F006C950B /* UIAppearanceAdditions.swift in Sources */ = {isa = PBXBuildFile; fileRef = 5EBA47422912EA2F006C950B /* UIAppearanceAdditions.swift */; };
		5EBA474A2912EA2F006C950B /* GlobalConfiguration.swift in Sources */ = {isa = PBXBuildFile; fileRef = 5EBA47432912EA2F006C950B /* GlobalConfiguration.swift */; };
		5EBA474B2912EA2F006C950B /* Shadow.swift in Sources */ = {isa = PBXBuildFile; fileRef = 5EBA47442912EA2F006C950B /* Shadow.swift */; };
		5EBA474C2912EA2F006C950B /* OTKit.swift in Sources */ = {isa = PBXBuildFile; fileRef = 5EBA47452912EA2F006C950B /* OTKit.swift */; };
		5EBA474D2912EA2F006C950B /* Layout.swift in Sources */ = {isa = PBXBuildFile; fileRef = 5EBA47462912EA2F006C950B /* Layout.swift */; };
		5EBA474E2912EA2F006C950B /* SwiftUIColorExtension.swift in Sources */ = {isa = PBXBuildFile; fileRef = 5EBA47472912EA2F006C950B /* SwiftUIColorExtension.swift */; };
		5EBA47582912EA5C006C950B /* MenuItem+Stub.swift in Sources */ = {isa = PBXBuildFile; fileRef = 5EBA47512912EA5C006C950B /* MenuItem+Stub.swift */; };
		5EBA47592912EA5C006C950B /* MenuGroup.swift in Sources */ = {isa = PBXBuildFile; fileRef = 5EBA47522912EA5C006C950B /* MenuGroup.swift */; };
		5EBA475A2912EA5C006C950B /* MenuItem.swift in Sources */ = {isa = PBXBuildFile; fileRef = 5EBA47532912EA5C006C950B /* MenuItem.swift */; };
		5EBA475B2912EA5C006C950B /* Cart+Facets.swift in Sources */ = {isa = PBXBuildFile; fileRef = 5EBA47552912EA5C006C950B /* Cart+Facets.swift */; };
		5EBA475C2912EA5C006C950B /* Cart+Stub.swift in Sources */ = {isa = PBXBuildFile; fileRef = 5EBA47562912EA5C006C950B /* Cart+Stub.swift */; };
		5EBA475D2912EA5C006C950B /* Cart.swift in Sources */ = {isa = PBXBuildFile; fileRef = 5EBA47572912EA5C006C950B /* Cart.swift */; };
		5EBA47632912EA73006C950B /* CartTotalView.swift in Sources */ = {isa = PBXBuildFile; fileRef = 5EBA475F2912EA73006C950B /* CartTotalView.swift */; };
		5EBA47642912EA73006C950B /* CartViewModel.swift in Sources */ = {isa = PBXBuildFile; fileRef = 5EBA47602912EA73006C950B /* CartViewModel.swift */; };
		5EBA47652912EA73006C950B /* CartView.swift in Sources */ = {isa = PBXBuildFile; fileRef = 5EBA47612912EA73006C950B /* CartView.swift */; };
		5EBA47662912EA73006C950B /* CartItemView.swift in Sources */ = {isa = PBXBuildFile; fileRef = 5EBA47622912EA73006C950B /* CartItemView.swift */; };
		5EBA476A2912EA7B006C950B /* AddToCartView.swift in Sources */ = {isa = PBXBuildFile; fileRef = 5EBA47682912EA7B006C950B /* AddToCartView.swift */; };
		5EBA476B2912EA7B006C950B /* ItemQuantityView.swift in Sources */ = {isa = PBXBuildFile; fileRef = 5EBA47692912EA7B006C950B /* ItemQuantityView.swift */; };
		5EBA47742912EC33006C950B /* Currency.swift in Sources */ = {isa = PBXBuildFile; fileRef = 5EBA47722912EC33006C950B /* Currency.swift */; };
		5EBA47752912EC33006C950B /* Price.swift in Sources */ = {isa = PBXBuildFile; fileRef = 5EBA47732912EC33006C950B /* Price.swift */; };
		5EBA47772912EC52006C950B /* Menu.swift in Sources */ = {isa = PBXBuildFile; fileRef = 5EBA47762912EC52006C950B /* Menu.swift */; };
		5EBA477D29131EC2006C950B /* MenuItemView.swift in Sources */ = {isa = PBXBuildFile; fileRef = 5EBA477C29131EC2006C950B /* MenuItemView.swift */; };
		5EBA478229132DA9006C950B /* GlobalState.swift in Sources */ = {isa = PBXBuildFile; fileRef = 5EBA478129132DA9006C950B /* GlobalState.swift */; };
		5EBA478C29133FA9006C950B /* BottomBarView.swift in Sources */ = {isa = PBXBuildFile; fileRef = 5EBA478B29133FA9006C950B /* BottomBarView.swift */; };
		5EBA478E29134441006C950B /* CartButtonView.swift in Sources */ = {isa = PBXBuildFile; fileRef = 5EBA478D29134440006C950B /* CartButtonView.swift */; };
		5EBA479429134867006C950B /* CartHeaderView.swift in Sources */ = {isa = PBXBuildFile; fileRef = 5EBA479329134867006C950B /* CartHeaderView.swift */; };
		5EBA47962913628E006C950B /* Diner.swift in Sources */ = {isa = PBXBuildFile; fileRef = 5EBA47952913628E006C950B /* Diner.swift */; };
		831916A325CCC3A400753195 /* CGSizeExtensions.swift in Sources */ = {isa = PBXBuildFile; fileRef = 831916A225CCC3A400753195 /* CGSizeExtensions.swift */; };
		831916A825CE27B100753195 /* CoreMenuView.swift in Sources */ = {isa = PBXBuildFile; fileRef = 831916A725CE27B100753195 /* CoreMenuView.swift */; };
		832357ED25BC9D0E008295FE /* ZoomableViewController.swift in Sources */ = {isa = PBXBuildFile; fileRef = 832357EC25BC9D0E008295FE /* ZoomableViewController.swift */; };
		832DA6D425D4F59400BB8DD8 /* BrandonText-Bold.otf in Resources */ = {isa = PBXBuildFile; fileRef = 832DA6D325D4F58800BB8DD8 /* BrandonText-Bold.otf */; };
		8342FC4828ED00E600D2A0E3 /* Layout Helpers.swift in Sources */ = {isa = PBXBuildFile; fileRef = 8342FC4528ECFF5600D2A0E3 /* Layout Helpers.swift */; };
		8342FC4928ED00E600D2A0E3 /* ZoomableContainerView.swift in Sources */ = {isa = PBXBuildFile; fileRef = 8342FC4628ECFF5600D2A0E3 /* ZoomableContainerView.swift */; };
		8342FC4A28ED00E600D2A0E3 /* ZoomableView Helpers.swift in Sources */ = {isa = PBXBuildFile; fileRef = 8342FC4728ECFF5600D2A0E3 /* ZoomableView Helpers.swift */; };
		8351CDDE2594569700946150 /* AppDelegate.swift in Sources */ = {isa = PBXBuildFile; fileRef = 8351CDDD2594569700946150 /* AppDelegate.swift */; };
		8351CDE02594569700946150 /* SceneDelegate.swift in Sources */ = {isa = PBXBuildFile; fileRef = 8351CDDF2594569700946150 /* SceneDelegate.swift */; };
		8351CDE22594569700946150 /* LaunchVC.swift in Sources */ = {isa = PBXBuildFile; fileRef = 8351CDE12594569700946150 /* LaunchVC.swift */; };
		8351CDE52594569700946150 /* Main.storyboard in Resources */ = {isa = PBXBuildFile; fileRef = 8351CDE32594569700946150 /* Main.storyboard */; };
		8351CDE72594569A00946150 /* Assets.xcassets in Resources */ = {isa = PBXBuildFile; fileRef = 8351CDE62594569A00946150 /* Assets.xcassets */; };
		8351CDEA2594569A00946150 /* LaunchScreen.storyboard in Resources */ = {isa = PBXBuildFile; fileRef = 8351CDE82594569A00946150 /* LaunchScreen.storyboard */; };
		8351CDF52594569A00946150 /* SectionZoomingViewTests.swift in Sources */ = {isa = PBXBuildFile; fileRef = 8351CDF42594569A00946150 /* SectionZoomingViewTests.swift */; };
		8351CE002594569A00946150 /* SectionZoomingViewUITests.swift in Sources */ = {isa = PBXBuildFile; fileRef = 8351CDFF2594569A00946150 /* SectionZoomingViewUITests.swift */; };
		8359400225D6031B007010B1 /* ParentVCDrawerExtension.swift in Sources */ = {isa = PBXBuildFile; fileRef = 8359400125D6031B007010B1 /* ParentVCDrawerExtension.swift */; };
		8370763F29117454000621FC /* ZoomingMenuViewStructures.swift in Sources */ = {isa = PBXBuildFile; fileRef = 8370763E29117454000621FC /* ZoomingMenuViewStructures.swift */; };
		8370764329117EE6000621FC /* OTKitColors.xcassets in Resources */ = {isa = PBXBuildFile; fileRef = 8370764229117EE6000621FC /* OTKitColors.xcassets */; };
		8370765D2911F8E1000621FC /* FakeList.png in Resources */ = {isa = PBXBuildFile; fileRef = 8370765C2911F8E1000621FC /* FakeList.png */; };
		83707661291232BB000621FC /* RestaurantListView.png in Resources */ = {isa = PBXBuildFile; fileRef = 83707660291232BB000621FC /* RestaurantListView.png */; };
		8370766329123627000621FC /* RecordManager.swift in Sources */ = {isa = PBXBuildFile; fileRef = 8370766229123627000621FC /* RecordManager.swift */; };
		83B16D5225C9DB49008AE1BA /* DataSource.swift in Sources */ = {isa = PBXBuildFile; fileRef = 83B16D5125C9DB49008AE1BA /* DataSource.swift */; };
		83B16D6325C9E95D008AE1BA /* zingari4Section29.json in Resources */ = {isa = PBXBuildFile; fileRef = 83B16D6225C9E95D008AE1BA /* zingari4Section29.json */; };
		83B16D7025C9EC35008AE1BA /* Paradiso23Section304.json in Resources */ = {isa = PBXBuildFile; fileRef = 83B16D6825C9E9C8008AE1BA /* Paradiso23Section304.json */; };
		83B16D8225C9F1AC008AE1BA /* 54Mint11Section123.json in Resources */ = {isa = PBXBuildFile; fileRef = 83B16D7E25C9F139008AE1BA /* 54Mint11Section123.json */; };
		83B16D8625C9F1B1008AE1BA /* laPressa4Section14.json in Resources */ = {isa = PBXBuildFile; fileRef = 83B16D7A25C9F083008AE1BA /* laPressa4Section14.json */; };
		83B16D8B25C9F2CA008AE1BA /* coqueta11Section31.json in Resources */ = {isa = PBXBuildFile; fileRef = 83B16D8A25C9F2BE008AE1BA /* coqueta11Section31.json */; };
		83B16D9925CCAF6A008AE1BA /* MenuParentViewController.swift in Sources */ = {isa = PBXBuildFile; fileRef = 83B16D9825CCAF6A008AE1BA /* MenuParentViewController.swift */; };
		83E9D67C25E497E200934F8A /* ZoomableMenu.storyboard in Resources */ = {isa = PBXBuildFile; fileRef = 83E9D67A25E497E200934F8A /* ZoomableMenu.storyboard */; };
		83F4F4F325E0A3E20026A0F8 /* Utilities.swift in Sources */ = {isa = PBXBuildFile; fileRef = 83F4F4F225E0A3E20026A0F8 /* Utilities.swift */; };
		9B7105DA27A9E053007F8479 /* ErikaNotes in Resources */ = {isa = PBXBuildFile; fileRef = 9B7105D927A9E053007F8479 /* ErikaNotes */; };
/* End PBXBuildFile section */

/* Begin PBXContainerItemProxy section */
		8351CDF12594569A00946150 /* PBXContainerItemProxy */ = {
			isa = PBXContainerItemProxy;
			containerPortal = 8351CDD22594569700946150 /* Project object */;
			proxyType = 1;
			remoteGlobalIDString = 8351CDD92594569700946150;
			remoteInfo = SectionZoomingView;
		};
		8351CDFC2594569A00946150 /* PBXContainerItemProxy */ = {
			isa = PBXContainerItemProxy;
			containerPortal = 8351CDD22594569700946150 /* Project object */;
			proxyType = 1;
			remoteGlobalIDString = 8351CDD92594569700946150;
			remoteInfo = SectionZoomingView;
		};
/* End PBXContainerItemProxy section */

/* Begin PBXFileReference section */
		447B7B402911B65800CE3501 /* SearchBar.swift */ = {isa = PBXFileReference; lastKnownFileType = sourcecode.swift; path = SearchBar.swift; sourceTree = "<group>"; };
		447B7B442911D33400CE3501 /* Font+UIFont.swift */ = {isa = PBXFileReference; lastKnownFileType = sourcecode.swift; path = "Font+UIFont.swift"; sourceTree = "<group>"; };
		447B7B4A2911DFB400CE3501 /* TagBar.swift */ = {isa = PBXFileReference; fileEncoding = 4; lastKnownFileType = sourcecode.swift; path = TagBar.swift; sourceTree = "<group>"; };
		447B7B4C2911E00300CE3501 /* TopBarContainer.swift */ = {isa = PBXFileReference; lastKnownFileType = sourcecode.swift; path = TopBarContainer.swift; sourceTree = "<group>"; };
		44B54EE829123CB3007381B2 /* SearchBarViewModel.swift */ = {isa = PBXFileReference; lastKnownFileType = sourcecode.swift; path = SearchBarViewModel.swift; sourceTree = "<group>"; };
		44B54EF029132CA4007381B2 /* TagBarViewModel.swift */ = {isa = PBXFileReference; lastKnownFileType = sourcecode.swift; path = TagBarViewModel.swift; sourceTree = "<group>"; };
		5E1BE3C329119DE500F0002C /* MenuTests.swift */ = {isa = PBXFileReference; lastKnownFileType = sourcecode.swift; path = MenuTests.swift; sourceTree = "<group>"; };
		5E22EA202913FB3A00991AC6 /* Application.swift */ = {isa = PBXFileReference; lastKnownFileType = sourcecode.swift; path = Application.swift; sourceTree = "<group>"; };
		5E22EA222913FBC800991AC6 /* main.swift */ = {isa = PBXFileReference; lastKnownFileType = sourcecode.swift; path = main.swift; sourceTree = "<group>"; };
		5E22EA242913FF3A00991AC6 /* AdminView.swift */ = {isa = PBXFileReference; lastKnownFileType = sourcecode.swift; path = AdminView.swift; sourceTree = "<group>"; };
		5E22EA262914170300991AC6 /* FakeOtherDiner.swift */ = {isa = PBXFileReference; lastKnownFileType = sourcecode.swift; path = FakeOtherDiner.swift; sourceTree = "<group>"; };
		5E5F576A291371F300AC732B /* CartDinerView.swift */ = {isa = PBXFileReference; lastKnownFileType = sourcecode.swift; path = CartDinerView.swift; sourceTree = "<group>"; };
		5E5F576C2913721E00AC732B /* DinerInitialsView.swift */ = {isa = PBXFileReference; lastKnownFileType = sourcecode.swift; path = DinerInitialsView.swift; sourceTree = "<group>"; };
		5EBA473E2912E9D3006C950B /* Loader.swift */ = {isa = PBXFileReference; fileEncoding = 4; lastKnownFileType = sourcecode.swift; path = Loader.swift; sourceTree = "<group>"; };
		5EBA47412912EA2F006C950B /* TextExtensions.swift */ = {isa = PBXFileReference; fileEncoding = 4; lastKnownFileType = sourcecode.swift; path = TextExtensions.swift; sourceTree = "<group>"; };
		5EBA47422912EA2F006C950B /* UIAppearanceAdditions.swift */ = {isa = PBXFileReference; fileEncoding = 4; lastKnownFileType = sourcecode.swift; path = UIAppearanceAdditions.swift; sourceTree = "<group>"; };
		5EBA47432912EA2F006C950B /* GlobalConfiguration.swift */ = {isa = PBXFileReference; fileEncoding = 4; lastKnownFileType = sourcecode.swift; path = GlobalConfiguration.swift; sourceTree = "<group>"; };
		5EBA47442912EA2F006C950B /* Shadow.swift */ = {isa = PBXFileReference; fileEncoding = 4; lastKnownFileType = sourcecode.swift; path = Shadow.swift; sourceTree = "<group>"; };
		5EBA47452912EA2F006C950B /* OTKit.swift */ = {isa = PBXFileReference; fileEncoding = 4; lastKnownFileType = sourcecode.swift; path = OTKit.swift; sourceTree = "<group>"; };
		5EBA47462912EA2F006C950B /* Layout.swift */ = {isa = PBXFileReference; fileEncoding = 4; lastKnownFileType = sourcecode.swift; path = Layout.swift; sourceTree = "<group>"; };
		5EBA47472912EA2F006C950B /* SwiftUIColorExtension.swift */ = {isa = PBXFileReference; fileEncoding = 4; lastKnownFileType = sourcecode.swift; path = SwiftUIColorExtension.swift; sourceTree = "<group>"; };
		5EBA47512912EA5C006C950B /* MenuItem+Stub.swift */ = {isa = PBXFileReference; fileEncoding = 4; lastKnownFileType = sourcecode.swift; path = "MenuItem+Stub.swift"; sourceTree = "<group>"; };
		5EBA47522912EA5C006C950B /* MenuGroup.swift */ = {isa = PBXFileReference; fileEncoding = 4; lastKnownFileType = sourcecode.swift; path = MenuGroup.swift; sourceTree = "<group>"; };
		5EBA47532912EA5C006C950B /* MenuItem.swift */ = {isa = PBXFileReference; fileEncoding = 4; lastKnownFileType = sourcecode.swift; path = MenuItem.swift; sourceTree = "<group>"; };
		5EBA47552912EA5C006C950B /* Cart+Facets.swift */ = {isa = PBXFileReference; fileEncoding = 4; lastKnownFileType = sourcecode.swift; path = "Cart+Facets.swift"; sourceTree = "<group>"; };
		5EBA47562912EA5C006C950B /* Cart+Stub.swift */ = {isa = PBXFileReference; fileEncoding = 4; lastKnownFileType = sourcecode.swift; path = "Cart+Stub.swift"; sourceTree = "<group>"; };
		5EBA47572912EA5C006C950B /* Cart.swift */ = {isa = PBXFileReference; fileEncoding = 4; lastKnownFileType = sourcecode.swift; path = Cart.swift; sourceTree = "<group>"; };
		5EBA475F2912EA73006C950B /* CartTotalView.swift */ = {isa = PBXFileReference; fileEncoding = 4; lastKnownFileType = sourcecode.swift; path = CartTotalView.swift; sourceTree = "<group>"; };
		5EBA47602912EA73006C950B /* CartViewModel.swift */ = {isa = PBXFileReference; fileEncoding = 4; lastKnownFileType = sourcecode.swift; path = CartViewModel.swift; sourceTree = "<group>"; };
		5EBA47612912EA73006C950B /* CartView.swift */ = {isa = PBXFileReference; fileEncoding = 4; lastKnownFileType = sourcecode.swift; path = CartView.swift; sourceTree = "<group>"; };
		5EBA47622912EA73006C950B /* CartItemView.swift */ = {isa = PBXFileReference; fileEncoding = 4; lastKnownFileType = sourcecode.swift; path = CartItemView.swift; sourceTree = "<group>"; };
		5EBA47682912EA7B006C950B /* AddToCartView.swift */ = {isa = PBXFileReference; fileEncoding = 4; lastKnownFileType = sourcecode.swift; path = AddToCartView.swift; sourceTree = "<group>"; };
		5EBA47692912EA7B006C950B /* ItemQuantityView.swift */ = {isa = PBXFileReference; fileEncoding = 4; lastKnownFileType = sourcecode.swift; path = ItemQuantityView.swift; sourceTree = "<group>"; };
		5EBA47722912EC33006C950B /* Currency.swift */ = {isa = PBXFileReference; fileEncoding = 4; lastKnownFileType = sourcecode.swift; path = Currency.swift; sourceTree = "<group>"; };
		5EBA47732912EC33006C950B /* Price.swift */ = {isa = PBXFileReference; fileEncoding = 4; lastKnownFileType = sourcecode.swift; path = Price.swift; sourceTree = "<group>"; };
		5EBA47762912EC52006C950B /* Menu.swift */ = {isa = PBXFileReference; fileEncoding = 4; lastKnownFileType = sourcecode.swift; path = Menu.swift; sourceTree = "<group>"; };
		5EBA477C29131EC2006C950B /* MenuItemView.swift */ = {isa = PBXFileReference; lastKnownFileType = sourcecode.swift; path = MenuItemView.swift; sourceTree = "<group>"; };
		5EBA478129132DA9006C950B /* GlobalState.swift */ = {isa = PBXFileReference; lastKnownFileType = sourcecode.swift; path = GlobalState.swift; sourceTree = "<group>"; };
		5EBA478B29133FA9006C950B /* BottomBarView.swift */ = {isa = PBXFileReference; fileEncoding = 4; lastKnownFileType = sourcecode.swift; path = BottomBarView.swift; sourceTree = "<group>"; };
		5EBA478D29134440006C950B /* CartButtonView.swift */ = {isa = PBXFileReference; fileEncoding = 4; lastKnownFileType = sourcecode.swift; path = CartButtonView.swift; sourceTree = "<group>"; };
		5EBA479329134867006C950B /* CartHeaderView.swift */ = {isa = PBXFileReference; lastKnownFileType = sourcecode.swift; path = CartHeaderView.swift; sourceTree = "<group>"; };
		5EBA47952913628E006C950B /* Diner.swift */ = {isa = PBXFileReference; lastKnownFileType = sourcecode.swift; path = Diner.swift; sourceTree = "<group>"; };
		831916A225CCC3A400753195 /* CGSizeExtensions.swift */ = {isa = PBXFileReference; lastKnownFileType = sourcecode.swift; path = CGSizeExtensions.swift; sourceTree = "<group>"; };
		831916A725CE27B100753195 /* CoreMenuView.swift */ = {isa = PBXFileReference; lastKnownFileType = sourcecode.swift; path = CoreMenuView.swift; sourceTree = "<group>"; };
		832357EC25BC9D0E008295FE /* ZoomableViewController.swift */ = {isa = PBXFileReference; lastKnownFileType = sourcecode.swift; path = ZoomableViewController.swift; sourceTree = "<group>"; };
		832DA6D325D4F58800BB8DD8 /* BrandonText-Bold.otf */ = {isa = PBXFileReference; lastKnownFileType = file; path = "BrandonText-Bold.otf"; sourceTree = "<group>"; };
		8342FC4528ECFF5600D2A0E3 /* Layout Helpers.swift */ = {isa = PBXFileReference; lastKnownFileType = sourcecode.swift; path = "Layout Helpers.swift"; sourceTree = "<group>"; };
		8342FC4628ECFF5600D2A0E3 /* ZoomableContainerView.swift */ = {isa = PBXFileReference; lastKnownFileType = sourcecode.swift; path = ZoomableContainerView.swift; sourceTree = "<group>"; };
		8342FC4728ECFF5600D2A0E3 /* ZoomableView Helpers.swift */ = {isa = PBXFileReference; lastKnownFileType = sourcecode.swift; path = "ZoomableView Helpers.swift"; sourceTree = "<group>"; };
		8351CDDA2594569700946150 /* SectionZoomingView.app */ = {isa = PBXFileReference; explicitFileType = wrapper.application; includeInIndex = 0; path = SectionZoomingView.app; sourceTree = BUILT_PRODUCTS_DIR; };
		8351CDDD2594569700946150 /* AppDelegate.swift */ = {isa = PBXFileReference; lastKnownFileType = sourcecode.swift; path = AppDelegate.swift; sourceTree = "<group>"; };
		8351CDDF2594569700946150 /* SceneDelegate.swift */ = {isa = PBXFileReference; lastKnownFileType = sourcecode.swift; path = SceneDelegate.swift; sourceTree = "<group>"; };
		8351CDE12594569700946150 /* LaunchVC.swift */ = {isa = PBXFileReference; lastKnownFileType = sourcecode.swift; path = LaunchVC.swift; sourceTree = "<group>"; };
		8351CDE42594569700946150 /* Base */ = {isa = PBXFileReference; lastKnownFileType = file.storyboard; name = Base; path = Base.lproj/Main.storyboard; sourceTree = "<group>"; };
		8351CDE62594569A00946150 /* Assets.xcassets */ = {isa = PBXFileReference; lastKnownFileType = folder.assetcatalog; path = Assets.xcassets; sourceTree = "<group>"; };
		8351CDE92594569A00946150 /* Base */ = {isa = PBXFileReference; lastKnownFileType = file.storyboard; name = Base; path = Base.lproj/LaunchScreen.storyboard; sourceTree = "<group>"; };
		8351CDEB2594569A00946150 /* Info.plist */ = {isa = PBXFileReference; lastKnownFileType = text.plist.xml; path = Info.plist; sourceTree = "<group>"; };
		8351CDF02594569A00946150 /* SectionZoomingViewTests.xctest */ = {isa = PBXFileReference; explicitFileType = wrapper.cfbundle; includeInIndex = 0; path = SectionZoomingViewTests.xctest; sourceTree = BUILT_PRODUCTS_DIR; };
		8351CDF42594569A00946150 /* SectionZoomingViewTests.swift */ = {isa = PBXFileReference; lastKnownFileType = sourcecode.swift; path = SectionZoomingViewTests.swift; sourceTree = "<group>"; };
		8351CDF62594569A00946150 /* Info.plist */ = {isa = PBXFileReference; lastKnownFileType = text.plist.xml; path = Info.plist; sourceTree = "<group>"; };
		8351CDFB2594569A00946150 /* SectionZoomingViewUITests.xctest */ = {isa = PBXFileReference; explicitFileType = wrapper.cfbundle; includeInIndex = 0; path = SectionZoomingViewUITests.xctest; sourceTree = BUILT_PRODUCTS_DIR; };
		8351CDFF2594569A00946150 /* SectionZoomingViewUITests.swift */ = {isa = PBXFileReference; lastKnownFileType = sourcecode.swift; path = SectionZoomingViewUITests.swift; sourceTree = "<group>"; };
		8351CE012594569A00946150 /* Info.plist */ = {isa = PBXFileReference; lastKnownFileType = text.plist.xml; path = Info.plist; sourceTree = "<group>"; };
		8359400125D6031B007010B1 /* ParentVCDrawerExtension.swift */ = {isa = PBXFileReference; lastKnownFileType = sourcecode.swift; path = ParentVCDrawerExtension.swift; sourceTree = "<group>"; };
		8370763E29117454000621FC /* ZoomingMenuViewStructures.swift */ = {isa = PBXFileReference; lastKnownFileType = sourcecode.swift; path = ZoomingMenuViewStructures.swift; sourceTree = "<group>"; };
		8370764229117EE6000621FC /* OTKitColors.xcassets */ = {isa = PBXFileReference; lastKnownFileType = folder.assetcatalog; path = OTKitColors.xcassets; sourceTree = "<group>"; };
		8370765C2911F8E1000621FC /* FakeList.png */ = {isa = PBXFileReference; lastKnownFileType = image.png; path = FakeList.png; sourceTree = "<group>"; };
		83707660291232BB000621FC /* RestaurantListView.png */ = {isa = PBXFileReference; lastKnownFileType = image.png; path = RestaurantListView.png; sourceTree = "<group>"; };
		8370766229123627000621FC /* RecordManager.swift */ = {isa = PBXFileReference; lastKnownFileType = sourcecode.swift; path = RecordManager.swift; sourceTree = "<group>"; };
		83B16D5125C9DB49008AE1BA /* DataSource.swift */ = {isa = PBXFileReference; lastKnownFileType = sourcecode.swift; path = DataSource.swift; sourceTree = "<group>"; };
		83B16D6225C9E95D008AE1BA /* zingari4Section29.json */ = {isa = PBXFileReference; lastKnownFileType = text.json; path = zingari4Section29.json; sourceTree = "<group>"; };
		83B16D6825C9E9C8008AE1BA /* Paradiso23Section304.json */ = {isa = PBXFileReference; lastKnownFileType = text.json; path = Paradiso23Section304.json; sourceTree = "<group>"; };
		83B16D7A25C9F083008AE1BA /* laPressa4Section14.json */ = {isa = PBXFileReference; lastKnownFileType = text.json; path = laPressa4Section14.json; sourceTree = "<group>"; };
		83B16D7E25C9F139008AE1BA /* 54Mint11Section123.json */ = {isa = PBXFileReference; lastKnownFileType = text.json; path = 54Mint11Section123.json; sourceTree = "<group>"; };
		83B16D8A25C9F2BE008AE1BA /* coqueta11Section31.json */ = {isa = PBXFileReference; lastKnownFileType = text.json; path = coqueta11Section31.json; sourceTree = "<group>"; };
		83B16D9825CCAF6A008AE1BA /* MenuParentViewController.swift */ = {isa = PBXFileReference; lastKnownFileType = sourcecode.swift; path = MenuParentViewController.swift; sourceTree = "<group>"; };
		83D8E2872913908A005F319A /* SectionZoomingView.entitlements */ = {isa = PBXFileReference; fileEncoding = 4; lastKnownFileType = text.plist.entitlements; path = SectionZoomingView.entitlements; sourceTree = "<group>"; };
		83E9D67B25E497E200934F8A /* Base */ = {isa = PBXFileReference; lastKnownFileType = file.storyboard; name = Base; path = SectionZoomingView/Base.lproj/ZoomableMenu.storyboard; sourceTree = "<group>"; };
		83F4F4F225E0A3E20026A0F8 /* Utilities.swift */ = {isa = PBXFileReference; lastKnownFileType = sourcecode.swift; path = Utilities.swift; sourceTree = "<group>"; };
		9B7105D927A9E053007F8479 /* ErikaNotes */ = {isa = PBXFileReference; lastKnownFileType = text; path = ErikaNotes; sourceTree = "<group>"; };
/* End PBXFileReference section */

/* Begin PBXFrameworksBuildPhase section */
		8351CDD72594569700946150 /* Frameworks */ = {
			isa = PBXFrameworksBuildPhase;
			buildActionMask = 2147483647;
			files = (
			);
			runOnlyForDeploymentPostprocessing = 0;
		};
		8351CDED2594569A00946150 /* Frameworks */ = {
			isa = PBXFrameworksBuildPhase;
			buildActionMask = 2147483647;
			files = (
			);
			runOnlyForDeploymentPostprocessing = 0;
		};
		8351CDF82594569A00946150 /* Frameworks */ = {
			isa = PBXFrameworksBuildPhase;
			buildActionMask = 2147483647;
			files = (
			);
			runOnlyForDeploymentPostprocessing = 0;
		};
/* End PBXFrameworksBuildPhase section */

/* Begin PBXGroup section */
		5E1BE3AC2911927D00F0002C /* Model */ = {
			isa = PBXGroup;
			children = (
				83B16D5125C9DB49008AE1BA /* DataSource.swift */,
				5E22EA262914170300991AC6 /* FakeOtherDiner.swift */,
				5EBA478129132DA9006C950B /* GlobalState.swift */,
				5EBA473E2912E9D3006C950B /* Loader.swift */,
				8370766229123627000621FC /* RecordManager.swift */,
				5EBA474F2912EA5C006C950B /* Types */,
			);
			path = Model;
			sourceTree = "<group>";
		};
		5EBA47402912EA2F006C950B /* OTKit */ = {
			isa = PBXGroup;
			children = (
				832DA6D325D4F58800BB8DD8 /* BrandonText-Bold.otf */,
				8370764229117EE6000621FC /* OTKitColors.xcassets */,
				447B7B442911D33400CE3501 /* Font+UIFont.swift */,
				5EBA47432912EA2F006C950B /* GlobalConfiguration.swift */,
				5EBA47462912EA2F006C950B /* Layout.swift */,
				5EBA47452912EA2F006C950B /* OTKit.swift */,
				5EBA47442912EA2F006C950B /* Shadow.swift */,
				5EBA47472912EA2F006C950B /* SwiftUIColorExtension.swift */,
				5EBA47412912EA2F006C950B /* TextExtensions.swift */,
				5EBA47422912EA2F006C950B /* UIAppearanceAdditions.swift */,
			);
			path = OTKit;
			sourceTree = "<group>";
		};
		5EBA474F2912EA5C006C950B /* Types */ = {
			isa = PBXGroup;
			children = (
				5EBA47722912EC33006C950B /* Currency.swift */,
				5EBA47952913628E006C950B /* Diner.swift */,
				5EBA47732912EC33006C950B /* Price.swift */,
				5EBA47542912EA5C006C950B /* Cart */,
				5EBA47502912EA5C006C950B /* Menu */,
			);
			path = Types;
			sourceTree = "<group>";
		};
		5EBA47502912EA5C006C950B /* Menu */ = {
			isa = PBXGroup;
			children = (
				5EBA47762912EC52006C950B /* Menu.swift */,
				5EBA47532912EA5C006C950B /* MenuItem.swift */,
				5EBA47512912EA5C006C950B /* MenuItem+Stub.swift */,
				5EBA47522912EA5C006C950B /* MenuGroup.swift */,
			);
			path = Menu;
			sourceTree = "<group>";
		};
		5EBA47542912EA5C006C950B /* Cart */ = {
			isa = PBXGroup;
			children = (
				5EBA47572912EA5C006C950B /* Cart.swift */,
				5EBA47552912EA5C006C950B /* Cart+Facets.swift */,
				5EBA47562912EA5C006C950B /* Cart+Stub.swift */,
			);
			path = Cart;
			sourceTree = "<group>";
		};
		5EBA475E2912EA73006C950B /* CartView */ = {
			isa = PBXGroup;
			children = (
				5EBA475F2912EA73006C950B /* CartTotalView.swift */,
				5EBA47602912EA73006C950B /* CartViewModel.swift */,
				5EBA47612912EA73006C950B /* CartView.swift */,
				5E5F576A291371F300AC732B /* CartDinerView.swift */,
				5EBA479329134867006C950B /* CartHeaderView.swift */,
				5EBA47622912EA73006C950B /* CartItemView.swift */,
			);
			path = CartView;
			sourceTree = "<group>";
		};
		5EBA47672912EA7B006C950B /* AddToCartView */ = {
			isa = PBXGroup;
			children = (
				5EBA47682912EA7B006C950B /* AddToCartView.swift */,
				5EBA47692912EA7B006C950B /* ItemQuantityView.swift */,
				5EBA477C29131EC2006C950B /* MenuItemView.swift */,
			);
			path = AddToCartView;
			sourceTree = "<group>";
		};
		5EBA476C2912EA8E006C950B /* OfflinePayloads */ = {
			isa = PBXGroup;
			children = (
				83B16D6225C9E95D008AE1BA /* zingari4Section29.json */,
				83B16D6825C9E9C8008AE1BA /* Paradiso23Section304.json */,
				83B16D7A25C9F083008AE1BA /* laPressa4Section14.json */,
				83B16D7E25C9F139008AE1BA /* 54Mint11Section123.json */,
				83B16D8A25C9F2BE008AE1BA /* coqueta11Section31.json */,
			);
			path = OfflinePayloads;
			sourceTree = "<group>";
		};
		5EBA478A29133FA9006C950B /* CommonUI */ = {
			isa = PBXGroup;
			children = (
				5E22EA242913FF3A00991AC6 /* AdminView.swift */,
				5EBA478B29133FA9006C950B /* BottomBarView.swift */,
				5EBA478D29134440006C950B /* CartButtonView.swift */,
				5E5F576C2913721E00AC732B /* DinerInitialsView.swift */,
			);
			path = CommonUI;
			sourceTree = "<group>";
		};
		8342FC4428ECFF5600D2A0E3 /* NewZoom */ = {
			isa = PBXGroup;
			children = (
				8342FC4528ECFF5600D2A0E3 /* Layout Helpers.swift */,
				8342FC4628ECFF5600D2A0E3 /* ZoomableContainerView.swift */,
				8342FC4728ECFF5600D2A0E3 /* ZoomableView Helpers.swift */,
			);
			path = NewZoom;
			sourceTree = "<group>";
		};
		8351CDD12594569700946150 = {
			isa = PBXGroup;
			children = (
				8351CDDC2594569700946150 /* SectionZoomingView */,
				8351CDF32594569A00946150 /* SectionZoomingViewTests */,
				8351CDFE2594569A00946150 /* SectionZoomingViewUITests */,
				8351CDDB2594569700946150 /* Products */,
			);
			sourceTree = "<group>";
		};
		8351CDDB2594569700946150 /* Products */ = {
			isa = PBXGroup;
			children = (
				8351CDDA2594569700946150 /* SectionZoomingView.app */,
				8351CDF02594569A00946150 /* SectionZoomingViewTests.xctest */,
				8351CDFB2594569A00946150 /* SectionZoomingViewUITests.xctest */,
			);
			name = Products;
			sourceTree = "<group>";
		};
		8351CDDC2594569700946150 /* SectionZoomingView */ = {
			isa = PBXGroup;
			children = (
				83D8E2872913908A005F319A /* SectionZoomingView.entitlements */,
				5EBA47672912EA7B006C950B /* AddToCartView */,
				5EBA475E2912EA73006C950B /* CartView */,
				5EBA478A29133FA9006C950B /* CommonUI */,
				5E1BE3AC2911927D00F0002C /* Model */,
				5EBA47402912EA2F006C950B /* OTKit */,
				8351CDDD2594569700946150 /* AppDelegate.swift */,
				5E22EA202913FB3A00991AC6 /* Application.swift */,
				8351CDE12594569700946150 /* LaunchVC.swift */,
				5E22EA222913FBC800991AC6 /* main.swift */,
				8351CDDF2594569700946150 /* SceneDelegate.swift */,
				8342FC4428ECFF5600D2A0E3 /* NewZoom */,
				9B7105D927A9E053007F8479 /* ErikaNotes */,
				83E9D68325E497F900934F8A /* ZoomableMenu */,
				5EBA476C2912EA8E006C950B /* OfflinePayloads */,
				83707660291232BB000621FC /* RestaurantListView.png */,
				8370765C2911F8E1000621FC /* FakeList.png */,
				8351CDE32594569700946150 /* Main.storyboard */,
				8351CDE62594569A00946150 /* Assets.xcassets */,
				8351CDE82594569A00946150 /* LaunchScreen.storyboard */,
				8351CDEB2594569A00946150 /* Info.plist */,
			);
			path = SectionZoomingView;
			sourceTree = "<group>";
		};
		8351CDF32594569A00946150 /* SectionZoomingViewTests */ = {
			isa = PBXGroup;
			children = (
				8351CDF42594569A00946150 /* SectionZoomingViewTests.swift */,
				5E1BE3C329119DE500F0002C /* MenuTests.swift */,
				8351CDF62594569A00946150 /* Info.plist */,
			);
			path = SectionZoomingViewTests;
			sourceTree = "<group>";
		};
		8351CDFE2594569A00946150 /* SectionZoomingViewUITests */ = {
			isa = PBXGroup;
			children = (
				8351CDFF2594569A00946150 /* SectionZoomingViewUITests.swift */,
				8351CE012594569A00946150 /* Info.plist */,
			);
			path = SectionZoomingViewUITests;
			sourceTree = "<group>";
		};
		83E9D68325E497F900934F8A /* ZoomableMenu */ = {
			isa = PBXGroup;
			children = (
				831916A725CE27B100753195 /* CoreMenuView.swift */,
				831916A225CCC3A400753195 /* CGSizeExtensions.swift */,
				83B16D9825CCAF6A008AE1BA /* MenuParentViewController.swift */,
				8359400125D6031B007010B1 /* ParentVCDrawerExtension.swift */,
				447B7B402911B65800CE3501 /* SearchBar.swift */,
				44B54EE829123CB3007381B2 /* SearchBarViewModel.swift */,
				447B7B4A2911DFB400CE3501 /* TagBar.swift */,
				44B54EF029132CA4007381B2 /* TagBarViewModel.swift */,
				447B7B4C2911E00300CE3501 /* TopBarContainer.swift */,
				83F4F4F225E0A3E20026A0F8 /* Utilities.swift */,
				832357EC25BC9D0E008295FE /* ZoomableViewController.swift */,
				8370763E29117454000621FC /* ZoomingMenuViewStructures.swift */,
				83E9D67A25E497E200934F8A /* ZoomableMenu.storyboard */,
			);
			path = ZoomableMenu;
			sourceTree = "<group>";
		};
/* End PBXGroup section */

/* Begin PBXNativeTarget section */
		8351CDD92594569700946150 /* SectionZoomingView */ = {
			isa = PBXNativeTarget;
			buildConfigurationList = 8351CE042594569A00946150 /* Build configuration list for PBXNativeTarget "SectionZoomingView" */;
			buildPhases = (
				8351CDD62594569700946150 /* Sources */,
				8351CDD72594569700946150 /* Frameworks */,
				8351CDD82594569700946150 /* Resources */,
			);
			buildRules = (
			);
			dependencies = (
			);
			name = SectionZoomingView;
			productName = SectionZoomingView;
			productReference = 8351CDDA2594569700946150 /* SectionZoomingView.app */;
			productType = "com.apple.product-type.application";
		};
		8351CDEF2594569A00946150 /* SectionZoomingViewTests */ = {
			isa = PBXNativeTarget;
			buildConfigurationList = 8351CE072594569A00946150 /* Build configuration list for PBXNativeTarget "SectionZoomingViewTests" */;
			buildPhases = (
				8351CDEC2594569A00946150 /* Sources */,
				8351CDED2594569A00946150 /* Frameworks */,
				8351CDEE2594569A00946150 /* Resources */,
			);
			buildRules = (
			);
			dependencies = (
				8351CDF22594569A00946150 /* PBXTargetDependency */,
			);
			name = SectionZoomingViewTests;
			productName = SectionZoomingViewTests;
			productReference = 8351CDF02594569A00946150 /* SectionZoomingViewTests.xctest */;
			productType = "com.apple.product-type.bundle.unit-test";
		};
		8351CDFA2594569A00946150 /* SectionZoomingViewUITests */ = {
			isa = PBXNativeTarget;
			buildConfigurationList = 8351CE0A2594569A00946150 /* Build configuration list for PBXNativeTarget "SectionZoomingViewUITests" */;
			buildPhases = (
				8351CDF72594569A00946150 /* Sources */,
				8351CDF82594569A00946150 /* Frameworks */,
				8351CDF92594569A00946150 /* Resources */,
			);
			buildRules = (
			);
			dependencies = (
				8351CDFD2594569A00946150 /* PBXTargetDependency */,
			);
			name = SectionZoomingViewUITests;
			productName = SectionZoomingViewUITests;
			productReference = 8351CDFB2594569A00946150 /* SectionZoomingViewUITests.xctest */;
			productType = "com.apple.product-type.bundle.ui-testing";
		};
/* End PBXNativeTarget section */

/* Begin PBXProject section */
		8351CDD22594569700946150 /* Project object */ = {
			isa = PBXProject;
			attributes = {
				LastSwiftUpdateCheck = 1220;
				LastUpgradeCheck = 1220;
				TargetAttributes = {
					8351CDD92594569700946150 = {
						CreatedOnToolsVersion = 12.2;
					};
					8351CDEF2594569A00946150 = {
						CreatedOnToolsVersion = 12.2;
						TestTargetID = 8351CDD92594569700946150;
					};
					8351CDFA2594569A00946150 = {
						CreatedOnToolsVersion = 12.2;
						TestTargetID = 8351CDD92594569700946150;
					};
				};
			};
			buildConfigurationList = 8351CDD52594569700946150 /* Build configuration list for PBXProject "SectionZoomingView" */;
			compatibilityVersion = "Xcode 9.3";
			developmentRegion = en;
			hasScannedForEncodings = 0;
			knownRegions = (
				en,
				Base,
			);
			mainGroup = 8351CDD12594569700946150;
			productRefGroup = 8351CDDB2594569700946150 /* Products */;
			projectDirPath = "";
			projectRoot = "";
			targets = (
				8351CDD92594569700946150 /* SectionZoomingView */,
				8351CDEF2594569A00946150 /* SectionZoomingViewTests */,
				8351CDFA2594569A00946150 /* SectionZoomingViewUITests */,
			);
		};
/* End PBXProject section */

/* Begin PBXResourcesBuildPhase section */
		8351CDD82594569700946150 /* Resources */ = {
			isa = PBXResourcesBuildPhase;
			buildActionMask = 2147483647;
			files = (
				8351CDEA2594569A00946150 /* LaunchScreen.storyboard in Resources */,
				8351CDE72594569A00946150 /* Assets.xcassets in Resources */,
				83B16D7025C9EC35008AE1BA /* Paradiso23Section304.json in Resources */,
				83B16D6325C9E95D008AE1BA /* zingari4Section29.json in Resources */,
				83E9D67C25E497E200934F8A /* ZoomableMenu.storyboard in Resources */,
				83B16D8225C9F1AC008AE1BA /* 54Mint11Section123.json in Resources */,
				8351CDE52594569700946150 /* Main.storyboard in Resources */,
				9B7105DA27A9E053007F8479 /* ErikaNotes in Resources */,
				832DA6D425D4F59400BB8DD8 /* BrandonText-Bold.otf in Resources */,
				8370764329117EE6000621FC /* OTKitColors.xcassets in Resources */,
				83B16D8B25C9F2CA008AE1BA /* coqueta11Section31.json in Resources */,
				8370765D2911F8E1000621FC /* FakeList.png in Resources */,
				83B16D8625C9F1B1008AE1BA /* laPressa4Section14.json in Resources */,
				83707661291232BB000621FC /* RestaurantListView.png in Resources */,
			);
			runOnlyForDeploymentPostprocessing = 0;
		};
		8351CDEE2594569A00946150 /* Resources */ = {
			isa = PBXResourcesBuildPhase;
			buildActionMask = 2147483647;
			files = (
			);
			runOnlyForDeploymentPostprocessing = 0;
		};
		8351CDF92594569A00946150 /* Resources */ = {
			isa = PBXResourcesBuildPhase;
			buildActionMask = 2147483647;
			files = (
			);
			runOnlyForDeploymentPostprocessing = 0;
		};
/* End PBXResourcesBuildPhase section */

/* Begin PBXSourcesBuildPhase section */
		8351CDD62594569700946150 /* Sources */ = {
			isa = PBXSourcesBuildPhase;
			buildActionMask = 2147483647;
			files = (
				5EBA47632912EA73006C950B /* CartTotalView.swift in Sources */,
				8342FC4828ED00E600D2A0E3 /* Layout Helpers.swift in Sources */,
				5E22EA272914170300991AC6 /* FakeOtherDiner.swift in Sources */,
				44B54EE929123CB3007381B2 /* SearchBarViewModel.swift in Sources */,
				5EBA479429134867006C950B /* CartHeaderView.swift in Sources */,
				5EBA478C29133FA9006C950B /* BottomBarView.swift in Sources */,
				8351CDE22594569700946150 /* LaunchVC.swift in Sources */,
				8342FC4A28ED00E600D2A0E3 /* ZoomableView Helpers.swift in Sources */,
				5EBA47592912EA5C006C950B /* MenuGroup.swift in Sources */,
				8342FC4928ED00E600D2A0E3 /* ZoomableContainerView.swift in Sources */,
				5EBA473F2912E9D3006C950B /* Loader.swift in Sources */,
				83F4F4F325E0A3E20026A0F8 /* Utilities.swift in Sources */,
				8370763F29117454000621FC /* ZoomingMenuViewStructures.swift in Sources */,
				83B16D9925CCAF6A008AE1BA /* MenuParentViewController.swift in Sources */,
				5EBA478229132DA9006C950B /* GlobalState.swift in Sources */,
				832357ED25BC9D0E008295FE /* ZoomableViewController.swift in Sources */,
				5EBA47772912EC52006C950B /* Menu.swift in Sources */,
				5EBA47742912EC33006C950B /* Currency.swift in Sources */,
				5EBA474E2912EA2F006C950B /* SwiftUIColorExtension.swift in Sources */,
				447B7B4D2911E00300CE3501 /* TopBarContainer.swift in Sources */,
				8351CDDE2594569700946150 /* AppDelegate.swift in Sources */,
				5E5F576B291371F300AC732B /* CartDinerView.swift in Sources */,
				831916A825CE27B100753195 /* CoreMenuView.swift in Sources */,
				447B7B452911D33400CE3501 /* Font+UIFont.swift in Sources */,
				5EBA474C2912EA2F006C950B /* OTKit.swift in Sources */,
				5E22EA252913FF3A00991AC6 /* AdminView.swift in Sources */,
				5EBA476B2912EA7B006C950B /* ItemQuantityView.swift in Sources */,
				83B16D5225C9DB49008AE1BA /* DataSource.swift in Sources */,
				5EBA47582912EA5C006C950B /* MenuItem+Stub.swift in Sources */,
				5EBA476A2912EA7B006C950B /* AddToCartView.swift in Sources */,
				5EBA477D29131EC2006C950B /* MenuItemView.swift in Sources */,
				447B7B412911B65800CE3501 /* SearchBar.swift in Sources */,
				5EBA47652912EA73006C950B /* CartView.swift in Sources */,
				5EBA474A2912EA2F006C950B /* GlobalConfiguration.swift in Sources */,
				8359400225D6031B007010B1 /* ParentVCDrawerExtension.swift in Sources */,
				5EBA474B2912EA2F006C950B /* Shadow.swift in Sources */,
				44B54EF129132CA4007381B2 /* TagBarViewModel.swift in Sources */,
				5E22EA212913FB3A00991AC6 /* Application.swift in Sources */,
				5EBA47642912EA73006C950B /* CartViewModel.swift in Sources */,
				5EBA47752912EC33006C950B /* Price.swift in Sources */,
				5E22EA232913FBC800991AC6 /* main.swift in Sources */,
				5EBA475B2912EA5C006C950B /* Cart+Facets.swift in Sources */,
				831916A325CCC3A400753195 /* CGSizeExtensions.swift in Sources */,
				447B7B4B2911DFB400CE3501 /* TagBar.swift in Sources */,
				5EBA47962913628E006C950B /* Diner.swift in Sources */,
				5EBA478E29134441006C950B /* CartButtonView.swift in Sources */,
				5E5F576D2913721E00AC732B /* DinerInitialsView.swift in Sources */,
				5EBA47482912EA2F006C950B /* TextExtensions.swift in Sources */,
				5EBA474D2912EA2F006C950B /* Layout.swift in Sources */,
				5EBA475C2912EA5C006C950B /* Cart+Stub.swift in Sources */,
				5EBA475D2912EA5C006C950B /* Cart.swift in Sources */,
				5EBA475A2912EA5C006C950B /* MenuItem.swift in Sources */,
				5EBA47492912EA2F006C950B /* UIAppearanceAdditions.swift in Sources */,
				8370766329123627000621FC /* RecordManager.swift in Sources */,
				8351CDE02594569700946150 /* SceneDelegate.swift in Sources */,
				5EBA47662912EA73006C950B /* CartItemView.swift in Sources */,
			);
			runOnlyForDeploymentPostprocessing = 0;
		};
		8351CDEC2594569A00946150 /* Sources */ = {
			isa = PBXSourcesBuildPhase;
			buildActionMask = 2147483647;
			files = (
				5E1BE3C429119DE500F0002C /* MenuTests.swift in Sources */,
				8351CDF52594569A00946150 /* SectionZoomingViewTests.swift in Sources */,
			);
			runOnlyForDeploymentPostprocessing = 0;
		};
		8351CDF72594569A00946150 /* Sources */ = {
			isa = PBXSourcesBuildPhase;
			buildActionMask = 2147483647;
			files = (
				8351CE002594569A00946150 /* SectionZoomingViewUITests.swift in Sources */,
			);
			runOnlyForDeploymentPostprocessing = 0;
		};
/* End PBXSourcesBuildPhase section */

/* Begin PBXTargetDependency section */
		8351CDF22594569A00946150 /* PBXTargetDependency */ = {
			isa = PBXTargetDependency;
			target = 8351CDD92594569700946150 /* SectionZoomingView */;
			targetProxy = 8351CDF12594569A00946150 /* PBXContainerItemProxy */;
		};
		8351CDFD2594569A00946150 /* PBXTargetDependency */ = {
			isa = PBXTargetDependency;
			target = 8351CDD92594569700946150 /* SectionZoomingView */;
			targetProxy = 8351CDFC2594569A00946150 /* PBXContainerItemProxy */;
		};
/* End PBXTargetDependency section */

/* Begin PBXVariantGroup section */
		8351CDE32594569700946150 /* Main.storyboard */ = {
			isa = PBXVariantGroup;
			children = (
				8351CDE42594569700946150 /* Base */,
			);
			name = Main.storyboard;
			sourceTree = "<group>";
		};
		8351CDE82594569A00946150 /* LaunchScreen.storyboard */ = {
			isa = PBXVariantGroup;
			children = (
				8351CDE92594569A00946150 /* Base */,
			);
			name = LaunchScreen.storyboard;
			sourceTree = "<group>";
		};
		83E9D67A25E497E200934F8A /* ZoomableMenu.storyboard */ = {
			isa = PBXVariantGroup;
			children = (
				83E9D67B25E497E200934F8A /* Base */,
			);
			name = ZoomableMenu.storyboard;
			sourceTree = "<group>";
		};
/* End PBXVariantGroup section */

/* Begin XCBuildConfiguration section */
		8351CE022594569A00946150 /* Debug */ = {
			isa = XCBuildConfiguration;
			buildSettings = {
				ALWAYS_SEARCH_USER_PATHS = NO;
				CLANG_ANALYZER_NONNULL = YES;
				CLANG_ANALYZER_NUMBER_OBJECT_CONVERSION = YES_AGGRESSIVE;
				CLANG_CXX_LANGUAGE_STANDARD = "gnu++14";
				CLANG_CXX_LIBRARY = "libc++";
				CLANG_ENABLE_MODULES = YES;
				CLANG_ENABLE_OBJC_ARC = YES;
				CLANG_ENABLE_OBJC_WEAK = YES;
				CLANG_WARN_BLOCK_CAPTURE_AUTORELEASING = YES;
				CLANG_WARN_BOOL_CONVERSION = YES;
				CLANG_WARN_COMMA = YES;
				CLANG_WARN_CONSTANT_CONVERSION = YES;
				CLANG_WARN_DEPRECATED_OBJC_IMPLEMENTATIONS = YES;
				CLANG_WARN_DIRECT_OBJC_ISA_USAGE = YES_ERROR;
				CLANG_WARN_DOCUMENTATION_COMMENTS = YES;
				CLANG_WARN_EMPTY_BODY = YES;
				CLANG_WARN_ENUM_CONVERSION = YES;
				CLANG_WARN_INFINITE_RECURSION = YES;
				CLANG_WARN_INT_CONVERSION = YES;
				CLANG_WARN_NON_LITERAL_NULL_CONVERSION = YES;
				CLANG_WARN_OBJC_IMPLICIT_RETAIN_SELF = YES;
				CLANG_WARN_OBJC_LITERAL_CONVERSION = YES;
				CLANG_WARN_OBJC_ROOT_CLASS = YES_ERROR;
				CLANG_WARN_QUOTED_INCLUDE_IN_FRAMEWORK_HEADER = YES;
				CLANG_WARN_RANGE_LOOP_ANALYSIS = YES;
				CLANG_WARN_STRICT_PROTOTYPES = YES;
				CLANG_WARN_SUSPICIOUS_MOVE = YES;
				CLANG_WARN_UNGUARDED_AVAILABILITY = YES_AGGRESSIVE;
				CLANG_WARN_UNREACHABLE_CODE = YES;
				CLANG_WARN__DUPLICATE_METHOD_MATCH = YES;
				COPY_PHASE_STRIP = NO;
				DEBUG_INFORMATION_FORMAT = dwarf;
				ENABLE_STRICT_OBJC_MSGSEND = YES;
				ENABLE_TESTABILITY = YES;
				GCC_C_LANGUAGE_STANDARD = gnu11;
				GCC_DYNAMIC_NO_PIC = NO;
				GCC_NO_COMMON_BLOCKS = YES;
				GCC_OPTIMIZATION_LEVEL = 0;
				GCC_PREPROCESSOR_DEFINITIONS = (
					"DEBUG=1",
					"$(inherited)",
				);
				GCC_WARN_64_TO_32_BIT_CONVERSION = YES;
				GCC_WARN_ABOUT_RETURN_TYPE = YES_ERROR;
				GCC_WARN_UNDECLARED_SELECTOR = YES;
				GCC_WARN_UNINITIALIZED_AUTOS = YES_AGGRESSIVE;
				GCC_WARN_UNUSED_FUNCTION = YES;
				GCC_WARN_UNUSED_VARIABLE = YES;
				IPHONEOS_DEPLOYMENT_TARGET = 14.2;
				MTL_ENABLE_DEBUG_INFO = INCLUDE_SOURCE;
				MTL_FAST_MATH = YES;
				ONLY_ACTIVE_ARCH = YES;
				SDKROOT = iphoneos;
				SWIFT_ACTIVE_COMPILATION_CONDITIONS = DEBUG;
				SWIFT_OPTIMIZATION_LEVEL = "-Onone";
			};
			name = Debug;
		};
		8351CE032594569A00946150 /* Release */ = {
			isa = XCBuildConfiguration;
			buildSettings = {
				ALWAYS_SEARCH_USER_PATHS = NO;
				CLANG_ANALYZER_NONNULL = YES;
				CLANG_ANALYZER_NUMBER_OBJECT_CONVERSION = YES_AGGRESSIVE;
				CLANG_CXX_LANGUAGE_STANDARD = "gnu++14";
				CLANG_CXX_LIBRARY = "libc++";
				CLANG_ENABLE_MODULES = YES;
				CLANG_ENABLE_OBJC_ARC = YES;
				CLANG_ENABLE_OBJC_WEAK = YES;
				CLANG_WARN_BLOCK_CAPTURE_AUTORELEASING = YES;
				CLANG_WARN_BOOL_CONVERSION = YES;
				CLANG_WARN_COMMA = YES;
				CLANG_WARN_CONSTANT_CONVERSION = YES;
				CLANG_WARN_DEPRECATED_OBJC_IMPLEMENTATIONS = YES;
				CLANG_WARN_DIRECT_OBJC_ISA_USAGE = YES_ERROR;
				CLANG_WARN_DOCUMENTATION_COMMENTS = YES;
				CLANG_WARN_EMPTY_BODY = YES;
				CLANG_WARN_ENUM_CONVERSION = YES;
				CLANG_WARN_INFINITE_RECURSION = YES;
				CLANG_WARN_INT_CONVERSION = YES;
				CLANG_WARN_NON_LITERAL_NULL_CONVERSION = YES;
				CLANG_WARN_OBJC_IMPLICIT_RETAIN_SELF = YES;
				CLANG_WARN_OBJC_LITERAL_CONVERSION = YES;
				CLANG_WARN_OBJC_ROOT_CLASS = YES_ERROR;
				CLANG_WARN_QUOTED_INCLUDE_IN_FRAMEWORK_HEADER = YES;
				CLANG_WARN_RANGE_LOOP_ANALYSIS = YES;
				CLANG_WARN_STRICT_PROTOTYPES = YES;
				CLANG_WARN_SUSPICIOUS_MOVE = YES;
				CLANG_WARN_UNGUARDED_AVAILABILITY = YES_AGGRESSIVE;
				CLANG_WARN_UNREACHABLE_CODE = YES;
				CLANG_WARN__DUPLICATE_METHOD_MATCH = YES;
				COPY_PHASE_STRIP = NO;
				DEBUG_INFORMATION_FORMAT = "dwarf-with-dsym";
				ENABLE_NS_ASSERTIONS = NO;
				ENABLE_STRICT_OBJC_MSGSEND = YES;
				GCC_C_LANGUAGE_STANDARD = gnu11;
				GCC_NO_COMMON_BLOCKS = YES;
				GCC_WARN_64_TO_32_BIT_CONVERSION = YES;
				GCC_WARN_ABOUT_RETURN_TYPE = YES_ERROR;
				GCC_WARN_UNDECLARED_SELECTOR = YES;
				GCC_WARN_UNINITIALIZED_AUTOS = YES_AGGRESSIVE;
				GCC_WARN_UNUSED_FUNCTION = YES;
				GCC_WARN_UNUSED_VARIABLE = YES;
				IPHONEOS_DEPLOYMENT_TARGET = 14.2;
				MTL_ENABLE_DEBUG_INFO = NO;
				MTL_FAST_MATH = YES;
				SDKROOT = iphoneos;
				SWIFT_COMPILATION_MODE = wholemodule;
				SWIFT_OPTIMIZATION_LEVEL = "-O";
				VALIDATE_PRODUCT = YES;
			};
			name = Release;
		};
		8351CE052594569A00946150 /* Debug */ = {
			isa = XCBuildConfiguration;
			buildSettings = {
				ASSETCATALOG_COMPILER_APPICON_NAME = AppIcon;
				ASSETCATALOG_COMPILER_GLOBAL_ACCENT_COLOR_NAME = AccentColor;
				CODE_SIGN_ENTITLEMENTS = SectionZoomingView/SectionZoomingView.entitlements;
				CODE_SIGN_IDENTITY = "Apple Development";
				"CODE_SIGN_IDENTITY[sdk=iphoneos*]" = "iPhone Distribution";
				CODE_SIGN_STYLE = Manual;
				CURRENT_PROJECT_VERSION = 11;
				DEVELOPMENT_TEAM = "";
				"DEVELOPMENT_TEAM[sdk=iphoneos*]" = VE26CNW5ZX;
				INFOPLIST_FILE = SectionZoomingView/Info.plist;
				INFOPLIST_KEY_CFBundleDisplayName = "OT Menu";
				IPHONEOS_DEPLOYMENT_TARGET = 15.0;
				LD_RUNPATH_SEARCH_PATHS = (
					"$(inherited)",
					"@executable_path/Frameworks",
				);
				MARKETING_VERSION = 1.0;
				PRODUCT_BUNDLE_IDENTIFIER = com.cgb.SectionZoomingView;
				PRODUCT_NAME = "$(TARGET_NAME)";
				PROVISIONING_PROFILE_SPECIFIER = "";
				"PROVISIONING_PROFILE_SPECIFIER[sdk=iphoneos*]" = "Better Menu";
				SWIFT_VERSION = 5.0;
				TARGETED_DEVICE_FAMILY = 1;
			};
			name = Debug;
		};
		8351CE062594569A00946150 /* Release */ = {
			isa = XCBuildConfiguration;
			buildSettings = {
				ASSETCATALOG_COMPILER_APPICON_NAME = AppIcon;
				ASSETCATALOG_COMPILER_GLOBAL_ACCENT_COLOR_NAME = AccentColor;
				CODE_SIGN_ENTITLEMENTS = SectionZoomingView/SectionZoomingView.entitlements;
				CODE_SIGN_IDENTITY = "Apple Development";
				"CODE_SIGN_IDENTITY[sdk=iphoneos*]" = "iPhone Distribution";
				CODE_SIGN_STYLE = Manual;
				CURRENT_PROJECT_VERSION = 11;
				DEVELOPMENT_TEAM = "";
				"DEVELOPMENT_TEAM[sdk=iphoneos*]" = VE26CNW5ZX;
				INFOPLIST_FILE = SectionZoomingView/Info.plist;
				INFOPLIST_KEY_CFBundleDisplayName = "OT Menu";
				IPHONEOS_DEPLOYMENT_TARGET = 15.0;
				LD_RUNPATH_SEARCH_PATHS = (
					"$(inherited)",
					"@executable_path/Frameworks",
				);
				MARKETING_VERSION = 1.0;
				PRODUCT_BUNDLE_IDENTIFIER = com.cgb.SectionZoomingView;
				PRODUCT_NAME = "$(TARGET_NAME)";
				PROVISIONING_PROFILE_SPECIFIER = "";
				"PROVISIONING_PROFILE_SPECIFIER[sdk=iphoneos*]" = "Better Menu";
				SWIFT_VERSION = 5.0;
				TARGETED_DEVICE_FAMILY = 1;
			};
			name = Release;
		};
		8351CE082594569A00946150 /* Debug */ = {
			isa = XCBuildConfiguration;
			buildSettings = {
				ALWAYS_EMBED_SWIFT_STANDARD_LIBRARIES = YES;
				BUNDLE_LOADER = "$(TEST_HOST)";
				CODE_SIGN_STYLE = Automatic;
				DEVELOPMENT_TEAM = X6LPQ6538P;
				INFOPLIST_FILE = SectionZoomingViewTests/Info.plist;
				IPHONEOS_DEPLOYMENT_TARGET = 15.0;
				LD_RUNPATH_SEARCH_PATHS = (
					"$(inherited)",
					"@executable_path/Frameworks",
					"@loader_path/Frameworks",
				);
				PRODUCT_BUNDLE_IDENTIFIER = com.opentable.SectionZoomingViewTests;
				PRODUCT_NAME = "$(TARGET_NAME)";
				SWIFT_VERSION = 5.0;
				TARGETED_DEVICE_FAMILY = "1,2";
				TEST_HOST = "$(BUILT_PRODUCTS_DIR)/SectionZoomingView.app/SectionZoomingView";
			};
			name = Debug;
		};
		8351CE092594569A00946150 /* Release */ = {
			isa = XCBuildConfiguration;
			buildSettings = {
				ALWAYS_EMBED_SWIFT_STANDARD_LIBRARIES = YES;
				BUNDLE_LOADER = "$(TEST_HOST)";
				CODE_SIGN_STYLE = Automatic;
				DEVELOPMENT_TEAM = X6LPQ6538P;
				INFOPLIST_FILE = SectionZoomingViewTests/Info.plist;
				IPHONEOS_DEPLOYMENT_TARGET = 15.0;
				LD_RUNPATH_SEARCH_PATHS = (
					"$(inherited)",
					"@executable_path/Frameworks",
					"@loader_path/Frameworks",
				);
				PRODUCT_BUNDLE_IDENTIFIER = com.opentable.SectionZoomingViewTests;
				PRODUCT_NAME = "$(TARGET_NAME)";
				SWIFT_VERSION = 5.0;
				TARGETED_DEVICE_FAMILY = "1,2";
				TEST_HOST = "$(BUILT_PRODUCTS_DIR)/SectionZoomingView.app/SectionZoomingView";
			};
			name = Release;
		};
		8351CE0B2594569A00946150 /* Debug */ = {
			isa = XCBuildConfiguration;
			buildSettings = {
				ALWAYS_EMBED_SWIFT_STANDARD_LIBRARIES = YES;
				CODE_SIGN_STYLE = Automatic;
				DEVELOPMENT_TEAM = X6LPQ6538P;
				INFOPLIST_FILE = SectionZoomingViewUITests/Info.plist;
				IPHONEOS_DEPLOYMENT_TARGET = 15.0;
				LD_RUNPATH_SEARCH_PATHS = (
					"$(inherited)",
					"@executable_path/Frameworks",
					"@loader_path/Frameworks",
				);
				PRODUCT_BUNDLE_IDENTIFIER = com.opentable.SectionZoomingViewUITests;
				PRODUCT_NAME = "$(TARGET_NAME)";
				SWIFT_VERSION = 5.0;
				TARGETED_DEVICE_FAMILY = "1,2";
				TEST_TARGET_NAME = SectionZoomingView;
			};
			name = Debug;
		};
		8351CE0C2594569A00946150 /* Release */ = {
			isa = XCBuildConfiguration;
			buildSettings = {
				ALWAYS_EMBED_SWIFT_STANDARD_LIBRARIES = YES;
				CODE_SIGN_STYLE = Automatic;
				DEVELOPMENT_TEAM = X6LPQ6538P;
				INFOPLIST_FILE = SectionZoomingViewUITests/Info.plist;
				IPHONEOS_DEPLOYMENT_TARGET = 15.0;
				LD_RUNPATH_SEARCH_PATHS = (
					"$(inherited)",
					"@executable_path/Frameworks",
					"@loader_path/Frameworks",
				);
				PRODUCT_BUNDLE_IDENTIFIER = com.opentable.SectionZoomingViewUITests;
				PRODUCT_NAME = "$(TARGET_NAME)";
				SWIFT_VERSION = 5.0;
				TARGETED_DEVICE_FAMILY = "1,2";
				TEST_TARGET_NAME = SectionZoomingView;
			};
			name = Release;
		};
/* End XCBuildConfiguration section */

/* Begin XCConfigurationList section */
		8351CDD52594569700946150 /* Build configuration list for PBXProject "SectionZoomingView" */ = {
			isa = XCConfigurationList;
			buildConfigurations = (
				8351CE022594569A00946150 /* Debug */,
				8351CE032594569A00946150 /* Release */,
			);
			defaultConfigurationIsVisible = 0;
			defaultConfigurationName = Release;
		};
		8351CE042594569A00946150 /* Build configuration list for PBXNativeTarget "SectionZoomingView" */ = {
			isa = XCConfigurationList;
			buildConfigurations = (
				8351CE052594569A00946150 /* Debug */,
				8351CE062594569A00946150 /* Release */,
			);
			defaultConfigurationIsVisible = 0;
			defaultConfigurationName = Release;
		};
		8351CE072594569A00946150 /* Build configuration list for PBXNativeTarget "SectionZoomingViewTests" */ = {
			isa = XCConfigurationList;
			buildConfigurations = (
				8351CE082594569A00946150 /* Debug */,
				8351CE092594569A00946150 /* Release */,
			);
			defaultConfigurationIsVisible = 0;
			defaultConfigurationName = Release;
		};
		8351CE0A2594569A00946150 /* Build configuration list for PBXNativeTarget "SectionZoomingViewUITests" */ = {
			isa = XCConfigurationList;
			buildConfigurations = (
				8351CE0B2594569A00946150 /* Debug */,
				8351CE0C2594569A00946150 /* Release */,
			);
			defaultConfigurationIsVisible = 0;
			defaultConfigurationName = Release;
		};
/* End XCConfigurationList section */
	};
	rootObject = 8351CDD22594569700946150 /* Project object */;
}
